
Microsoft Visual Studio Solution File, Format Version 12.00
# Visual Studio 14
VisualStudioVersion = 14.0.25123.0
MinimumVisualStudioVersion = 10.0.40219.1
Project("{FAE04EC0-301F-11D3-BF4B-00C04F79EFBC}") = "Azure.ServiceBus.Demo.Manager", "Azure.ServiceBus.Demo.Manager\Azure.ServiceBus.Demo.Manager.csproj", "{6A4CCA72-5B1A-40D7-96A6-755D681B96DB}"
EndProject
Global
	GlobalSection(SolutionConfigurationPlatforms) = preSolution
		Debug|Any CPU = Debug|Any CPU
		Release|Any CPU = Release|Any CPU
	EndGlobalSection
	GlobalSection(ProjectConfigurationPlatforms) = postSolution
		{6A4CCA72-5B1A-40D7-96A6-755D681B96DB}.Debug|Any CPU.ActiveCfg = Debug|Any CPU
		{6A4CCA72-5B1A-40D7-96A6-755D681B96DB}.Debug|Any CPU.Build.0 = Debug|Any CPU
		{6A4CCA72-5B1A-40D7-96A6-755D681B96DB}.Release|Any CPU.ActiveCfg = Release|Any CPU
		{6A4CCA72-5B1A-40D7-96A6-755D681B96DB}.Release|Any CPU.Build.0 = Release|Any CPU
	EndGlobalSection
	GlobalSection(SolutionProperties) = preSolution
		HideSolutionNode = FALSE
	EndGlobalSection
EndGlobal
